
Microsoft Visual Studio Solution File, Format Version 12.00
# Visual Studio 15
VisualStudioVersion = 15.0.26730.3
MinimumVisualStudioVersion = 10.0.40219.1
Project("{9A19103F-16F7-4668-BE54-9A1E7A4F7556}") = "Stripe", "Stripe\Stripe.csproj", "{77117C0A-C883-4869-8732-13DAA8687316}"
EndProject
Project("{9A19103F-16F7-4668-BE54-9A1E7A4F7556}") = "Stripe.net", "Stripe.Core\Stripe.net\Stripe.net.csproj", "{CAD06590-B87B-45C5-8127-31370A6F1F12}"
EndProject
Global
	GlobalSection(SolutionConfigurationPlatforms) = preSolution
		Debug|Any CPU = Debug|Any CPU
		Release|Any CPU = Release|Any CPU
	EndGlobalSection
	GlobalSection(ProjectConfigurationPlatforms) = postSolution
		{77117C0A-C883-4869-8732-13DAA8687316}.Debug|Any CPU.ActiveCfg = Debug|Any CPU
		{77117C0A-C883-4869-8732-13DAA8687316}.Debug|Any CPU.Build.0 = Debug|Any CPU
		{77117C0A-C883-4869-8732-13DAA8687316}.Release|Any CPU.ActiveCfg = Release|Any CPU
		{77117C0A-C883-4869-8732-13DAA8687316}.Release|Any CPU.Build.0 = Release|Any CPU
		{CAD06590-B87B-45C5-8127-31370A6F1F12}.Debug|Any CPU.ActiveCfg = Debug|Any CPU
		{CAD06590-B87B-45C5-8127-31370A6F1F12}.Debug|Any CPU.Build.0 = Debug|Any CPU
		{CAD06590-B87B-45C5-8127-31370A6F1F12}.Release|Any CPU.ActiveCfg = Release|Any CPU
		{CAD06590-B87B-45C5-8127-31370A6F1F12}.Release|Any CPU.Build.0 = Release|Any CPU
	EndGlobalSection
	GlobalSection(SolutionProperties) = preSolution
		HideSolutionNode = FALSE
	EndGlobalSection
	GlobalSection(ExtensibilityGlobals) = postSolution
		SolutionGuid = {28EC9C47-0EFA-4CE5-A55D-7D67E83737E2}
	EndGlobalSection
EndGlobal
